<?xml version="1.0" encoding="UTF-8"?>
<CodeBlocks_project_file>
	<FileVersion major="1" minor="6"/>
	<Project>
		<Option title="primenumbers"/>
		<Option makefile_is_custom="1"/>
		<Option compiler="gcc"/>
		<Option virtualFolders="CMake Files\;"/>
		<Build>
			<Target title="all">
				<Option working_dir="/home/bargan/MailruCloud/dev/primenumbers/build-primenumbers-Desktop-Default"/>
				<Option type="4"/>
				<MakeCommands>
					<Build command="/usr/bin/ninja-build -v all"/>
					<CompileFile command="/usr/bin/ninja-build -v &quot;$file&quot;"/>
					<Clean command="/usr/bin/ninja-build -v clean"/>
					<DistClean command="/usr/bin/ninja-build -v clean"/>
				</MakeCommands>
			</Target>
			<Target title="rebuild_cache">
				<Option working_dir="/home/bargan/MailruCloud/dev/primenumbers/build-primenumbers-Desktop-Default"/>
				<Option type="4"/>
				<MakeCommands>
					<Build command="/usr/bin/ninja-build -v rebuild_cache"/>
					<CompileFile command="/usr/bin/ninja-build -v &quot;$file&quot;"/>
					<Clean command="/usr/bin/ninja-build -v clean"/>
					<DistClean command="/usr/bin/ninja-build -v clean"/>
				</MakeCommands>
			</Target>
			<Target title="primenumbers">
				<Option output="/home/bargan/MailruCloud/dev/primenumbers/build-primenumbers-Desktop-Default/primenumbers" prefix_auto="0" extension_auto="0"/>
				<Option working_dir="/home/bargan/MailruCloud/dev/primenumbers/build-primenumbers-Desktop-Default"/>
				<Option object_output="./"/>
				<Option type="1"/>
				<Option compiler="gcc"/>
				<Compiler>
					<Add directory="/usr/lib/gcc/x86_64-redhat-linux/5.3.1/../../../../include/c++/5.3.1"/>
					<Add directory="/usr/lib/gcc/x86_64-redhat-linux/5.3.1/../../../../include/c++/5.3.1/x86_64-redhat-linux"/>
					<Add directory="/usr/lib/gcc/x86_64-redhat-linux/5.3.1/../../../../include/c++/5.3.1/backward"/>
					<Add directory="/usr/lib/gcc/x86_64-redhat-linux/5.3.1/include"/>
					<Add directory="/usr/local/include"/>
					<Add directory="/usr/include"/>
				</Compiler>
				<MakeCommands>
					<Build command="/usr/bin/ninja-build -v primenumbers"/>
					<CompileFile command="/usr/bin/ninja-build -v &quot;$file&quot;"/>
					<Clean command="/usr/bin/ninja-build -v clean"/>
					<DistClean command="/usr/bin/ninja-build -v clean"/>
				</MakeCommands>
			</Target>
			<Target title="primenumbers/fast">
				<Option output="/home/bargan/MailruCloud/dev/primenumbers/build-primenumbers-Desktop-Default/primenumbers" prefix_auto="0" extension_auto="0"/>
				<Option working_dir="/home/bargan/MailruCloud/dev/primenumbers/build-primenumbers-Desktop-Default"/>
				<Option object_output="./"/>
				<Option type="1"/>
				<Option compiler="gcc"/>
				<Compiler>
					<Add directory="/usr/lib/gcc/x86_64-redhat-linux/5.3.1/../../../../include/c++/5.3.1"/>
					<Add directory="/usr/lib/gcc/x86_64-redhat-linux/5.3.1/../../../../include/c++/5.3.1/x86_64-redhat-linux"/>
					<Add directory="/usr/lib/gcc/x86_64-redhat-linux/5.3.1/../../../../include/c++/5.3.1/backward"/>
					<Add directory="/usr/lib/gcc/x86_64-redhat-linux/5.3.1/include"/>
					<Add directory="/usr/local/include"/>
					<Add directory="/usr/include"/>
				</Compiler>
				<MakeCommands>
					<Build command="/usr/bin/ninja-build -v primenumbers/fast"/>
					<CompileFile command="/usr/bin/ninja-build -v &quot;$file&quot;"/>
					<Clean command="/usr/bin/ninja-build -v clean"/>
					<DistClean command="/usr/bin/ninja-build -v clean"/>
				</MakeCommands>
			</Target>
			<Target title="edit_cache">
				<Option working_dir="/home/bargan/MailruCloud/dev/primenumbers/build-primenumbers-Desktop-Default"/>
				<Option type="4"/>
				<MakeCommands>
					<Build command="/usr/bin/ninja-build -v edit_cache"/>
					<CompileFile command="/usr/bin/ninja-build -v &quot;$file&quot;"/>
					<Clean command="/usr/bin/ninja-build -v clean"/>
					<DistClean command="/usr/bin/ninja-build -v clean"/>
				</MakeCommands>
			</Target>
		</Build>
		<Unit filename="/home/bargan/MailruCloud/dev/primenumbers/PerfMon.cpp">
			<Option target="primenumbers"/>
		</Unit>
		<Unit filename="/home/bargan/MailruCloud/dev/primenumbers/main.cpp">
			<Option target="primenumbers"/>
		</Unit>
		<Unit filename="/home/bargan/MailruCloud/dev/primenumbers/CMakeLists.txt">
			<Option virtualFolder="CMake Files\"/>
		</Unit>
	</Project>
</CodeBlocks_project_file>
